
Microsoft Visual Studio Solution File, Format Version 12.00
# Visual Studio Version 17
VisualStudioVersion = 17.5.002.0
MinimumVisualStudioVersion = 10.0.40219.1
Project("{2150E333-8FDC-42A3-9474-1A3956D46DE8}") = "prove", "prove", "{2FAD96AE-1CEB-4B0F-9B6C-C31C112841DA}"
EndProject
Project("{9A19103F-16F7-4668-BE54-9A1E7A4F7556}") = "Develop02", "prove\Develop02\Develop02.csproj", "{A20161D8-611F-40F3-8EE0-D87B08CFB50E}"
EndProject
Project("{9A19103F-16F7-4668-BE54-9A1E7A4F7556}") = "Develop04", "prove\Develop04\Develop04.csproj", "{09E68B42-9EC5-4A0C-AF20-50203CA7C23C}"
EndProject
Project("{9A19103F-16F7-4668-BE54-9A1E7A4F7556}") = "Develop03", "prove\Develop03\Develop03.csproj", "{5A31D37B-ED8F-4AF2-A188-AD9E8659B4F6}"
EndProject
Project("{9A19103F-16F7-4668-BE54-9A1E7A4F7556}") = "Develop05", "prove\Develop05\Develop05.csproj", "{59F2831E-00D0-4A71-B625-A318FA613DE6}"
EndProject
Project("{2150E333-8FDC-42A3-9474-1A3956D46DE8}") = "final", "final", "{AACBBD4D-8DD6-41E6-8A42-C5113AA1380F}"
EndProject
Project("{9A19103F-16F7-4668-BE54-9A1E7A4F7556}") = "Foundation3", "final\Foundation3\Foundation3.csproj", "{D4641F5B-3D89-46AE-9AE7-870D7D27D0A3}"
EndProject
Project("{9A19103F-16F7-4668-BE54-9A1E7A4F7556}") = "Foundation2", "final\Foundation2\Foundation2.csproj", "{A14F61BA-3C5A-4CFA-B64C-DCC8F30F5792}"
EndProject
Project("{9A19103F-16F7-4668-BE54-9A1E7A4F7556}") = "Foundation4", "final\Foundation4\Foundation4.csproj", "{76F14AC2-C56F-4B68-A475-D9DB752EC272}"
EndProject
Project("{9A19103F-16F7-4668-BE54-9A1E7A4F7556}") = "FinalProject", "final\FinalProject\FinalProject.csproj", "{F1320FAF-60AA-4592-BCF6-0D65B4DEF701}"
EndProject
Project("{9A19103F-16F7-4668-BE54-9A1E7A4F7556}") = "Foundation1", "final\Foundation1\Foundation1.csproj", "{C348BD58-B178-4793-AAF5-8B49803D3D12}"
EndProject
Project("{2150E333-8FDC-42A3-9474-1A3956D46DE8}") = "csharp-prep", "csharp-prep", "{97A994A0-02C2-4E39-92C1-51602C2D5432}"
EndProject
Project("{9A19103F-16F7-4668-BE54-9A1E7A4F7556}") = "Prep2", "csharp-prep\Prep2\Prep2.csproj", "{A97A3B97-D48B-4754-8AE0-01BE96E1E943}"
EndProject
Project("{9A19103F-16F7-4668-BE54-9A1E7A4F7556}") = "Prep4", "csharp-prep\Prep4\Prep4.csproj", "{B811D40E-0290-4F03-A106-F553FE73A560}"
EndProject
Project("{9A19103F-16F7-4668-BE54-9A1E7A4F7556}") = "Prep3", "csharp-prep\Prep3\Prep3.csproj", "{24FFEE22-7C02-4547-B2D3-9F04361169C0}"
EndProject
Project("{9A19103F-16F7-4668-BE54-9A1E7A4F7556}") = "Prep1", "csharp-prep\Prep1\Prep1.csproj", "{5AD6A293-0E08-4EB4-BD43-7BDB2E5F1993}"
EndProject
Project("{9A19103F-16F7-4668-BE54-9A1E7A4F7556}") = "Prep5", "csharp-prep\Prep5\Prep5.csproj", "{75E6DBA2-5DE0-4231-9D9A-62E00092631E}"
EndProject
Project("{2150E333-8FDC-42A3-9474-1A3956D46DE8}") = "prepare", "prepare", "{B7997A43-57B8-4842-8E56-9DF8DD2BB648}"
EndProject
Project("{9A19103F-16F7-4668-BE54-9A1E7A4F7556}") = "Learning04", "prepare\Learning04\Learning04.csproj", "{47323ED8-8131-4996-8B19-CF9CC3A7F6AB}"
EndProject
Project("{9A19103F-16F7-4668-BE54-9A1E7A4F7556}") = "Learning02", "prepare\Learning02\Learning02.csproj", "{7743377B-1992-4E6F-B22E-46CAF14FD0AC}"
EndProject
Project("{9A19103F-16F7-4668-BE54-9A1E7A4F7556}") = "Learning03", "prepare\Learning03\Learning03.csproj", "{0B9192E9-A47C-4FBB-BCB4-4313499FFA88}"
EndProject
Project("{9A19103F-16F7-4668-BE54-9A1E7A4F7556}") = "Learning05", "prepare\Learning05\Learning05.csproj", "{F1EBF087-C0F8-4114-8066-0051C6F5C023}"
EndProject
Project("{2150E333-8FDC-42A3-9474-1A3956D46DE8}") = "sandbox", "sandbox", "{0232050C-81E8-43B3-A40B-49EC45A177E5}"
EndProject
Project("{9A19103F-16F7-4668-BE54-9A1E7A4F7556}") = "Sandbox", "sandbox\Sandbox\Sandbox.csproj", "{04AF27FE-9B81-4BBD-B53A-5BC4C13B9190}"
EndProject
Global
	GlobalSection(SolutionConfigurationPlatforms) = preSolution
		Debug|Any CPU = Debug|Any CPU
		Release|Any CPU = Release|Any CPU
	EndGlobalSection
	GlobalSection(ProjectConfigurationPlatforms) = postSolution
		{A20161D8-611F-40F3-8EE0-D87B08CFB50E}.Debug|Any CPU.ActiveCfg = Debug|Any CPU
		{A20161D8-611F-40F3-8EE0-D87B08CFB50E}.Debug|Any CPU.Build.0 = Debug|Any CPU
		{A20161D8-611F-40F3-8EE0-D87B08CFB50E}.Release|Any CPU.ActiveCfg = Release|Any CPU
		{A20161D8-611F-40F3-8EE0-D87B08CFB50E}.Release|Any CPU.Build.0 = Release|Any CPU
		{09E68B42-9EC5-4A0C-AF20-50203CA7C23C}.Debug|Any CPU.ActiveCfg = Debug|Any CPU
		{09E68B42-9EC5-4A0C-AF20-50203CA7C23C}.Debug|Any CPU.Build.0 = Debug|Any CPU
		{09E68B42-9EC5-4A0C-AF20-50203CA7C23C}.Release|Any CPU.ActiveCfg = Release|Any CPU
		{09E68B42-9EC5-4A0C-AF20-50203CA7C23C}.Release|Any CPU.Build.0 = Release|Any CPU
		{5A31D37B-ED8F-4AF2-A188-AD9E8659B4F6}.Debug|Any CPU.ActiveCfg = Debug|Any CPU
		{5A31D37B-ED8F-4AF2-A188-AD9E8659B4F6}.Debug|Any CPU.Build.0 = Debug|Any CPU
		{5A31D37B-ED8F-4AF2-A188-AD9E8659B4F6}.Release|Any CPU.ActiveCfg = Release|Any CPU
		{5A31D37B-ED8F-4AF2-A188-AD9E8659B4F6}.Release|Any CPU.Build.0 = Release|Any CPU
		{59F2831E-00D0-4A71-B625-A318FA613DE6}.Debug|Any CPU.ActiveCfg = Debug|Any CPU
		{59F2831E-00D0-4A71-B625-A318FA613DE6}.Debug|Any CPU.Build.0 = Debug|Any CPU
		{59F2831E-00D0-4A71-B625-A318FA613DE6}.Release|Any CPU.ActiveCfg = Release|Any CPU
		{59F2831E-00D0-4A71-B625-A318FA613DE6}.Release|Any CPU.Build.0 = Release|Any CPU
		{D4641F5B-3D89-46AE-9AE7-870D7D27D0A3}.Debug|Any CPU.ActiveCfg = Debug|Any CPU
		{D4641F5B-3D89-46AE-9AE7-870D7D27D0A3}.Debug|Any CPU.Build.0 = Debug|Any CPU
		{D4641F5B-3D89-46AE-9AE7-870D7D27D0A3}.Release|Any CPU.ActiveCfg = Release|Any CPU
		{D4641F5B-3D89-46AE-9AE7-870D7D27D0A3}.Release|Any CPU.Build.0 = Release|Any CPU
		{A14F61BA-3C5A-4CFA-B64C-DCC8F30F5792}.Debug|Any CPU.ActiveCfg = Debug|Any CPU
		{A14F61BA-3C5A-4CFA-B64C-DCC8F30F5792}.Debug|Any CPU.Build.0 = Debug|Any CPU
		{A14F61BA-3C5A-4CFA-B64C-DCC8F30F5792}.Release|Any CPU.ActiveCfg = Release|Any CPU
		{A14F61BA-3C5A-4CFA-B64C-DCC8F30F5792}.Release|Any CPU.Build.0 = Release|Any CPU
		{76F14AC2-C56F-4B68-A475-D9DB752EC272}.Debug|Any CPU.ActiveCfg = Debug|Any CPU
		{76F14AC2-C56F-4B68-A475-D9DB752EC272}.Debug|Any CPU.Build.0 = Debug|Any CPU
		{76F14AC2-C56F-4B68-A475-D9DB752EC272}.Release|Any CPU.ActiveCfg = Release|Any CPU
		{76F14AC2-C56F-4B68-A475-D9DB752EC272}.Release|Any CPU.Build.0 = Release|Any CPU
		{F1320FAF-60AA-4592-BCF6-0D65B4DEF701}.Debug|Any CPU.ActiveCfg = Debug|Any CPU
		{F1320FAF-60AA-4592-BCF6-0D65B4DEF701}.Debug|Any CPU.Build.0 = Debug|Any CPU
		{F1320FAF-60AA-4592-BCF6-0D65B4DEF701}.Release|Any CPU.ActiveCfg = Release|Any CPU
		{F1320FAF-60AA-4592-BCF6-0D65B4DEF701}.Release|Any CPU.Build.0 = Release|Any CPU
		{C348BD58-B178-4793-AAF5-8B49803D3D12}.Debug|Any CPU.ActiveCfg = Debug|Any CPU
		{C348BD58-B178-4793-AAF5-8B49803D3D12}.Debug|Any CPU.Build.0 = Debug|Any CPU
		{C348BD58-B178-4793-AAF5-8B49803D3D12}.Release|Any CPU.ActiveCfg = Release|Any CPU
		{C348BD58-B178-4793-AAF5-8B49803D3D12}.Release|Any CPU.Build.0 = Release|Any CPU
		{A97A3B97-D48B-4754-8AE0-01BE96E1E943}.Debug|Any CPU.ActiveCfg = Debug|Any CPU
		{A97A3B97-D48B-4754-8AE0-01BE96E1E943}.Debug|Any CPU.Build.0 = Debug|Any CPU
		{A97A3B97-D48B-4754-8AE0-01BE96E1E943}.Release|Any CPU.ActiveCfg = Release|Any CPU
		{A97A3B97-D48B-4754-8AE0-01BE96E1E943}.Release|Any CPU.Build.0 = Release|Any CPU
		{B811D40E-0290-4F03-A106-F553FE73A560}.Debug|Any CPU.ActiveCfg = Debug|Any CPU
		{B811D40E-0290-4F03-A106-F553FE73A560}.Debug|Any CPU.Build.0 = Debug|Any CPU
		{B811D40E-0290-4F03-A106-F553FE73A560}.Release|Any CPU.ActiveCfg = Release|Any CPU
		{B811D40E-0290-4F03-A106-F553FE73A560}.Release|Any CPU.Build.0 = Release|Any CPU
		{24FFEE22-7C02-4547-B2D3-9F04361169C0}.Debug|Any CPU.ActiveCfg = Debug|Any CPU
		{24FFEE22-7C02-4547-B2D3-9F04361169C0}.Debug|Any CPU.Build.0 = Debug|Any CPU
		{24FFEE22-7C02-4547-B2D3-9F04361169C0}.Release|Any CPU.ActiveCfg = Release|Any CPU
		{24FFEE22-7C02-4547-B2D3-9F04361169C0}.Release|Any CPU.Build.0 = Release|Any CPU
		{5AD6A293-0E08-4EB4-BD43-7BDB2E5F1993}.Debug|Any CPU.ActiveCfg = Debug|Any CPU
		{5AD6A293-0E08-4EB4-BD43-7BDB2E5F1993}.Debug|Any CPU.Build.0 = Debug|Any CPU
		{5AD6A293-0E08-4EB4-BD43-7BDB2E5F1993}.Release|Any CPU.ActiveCfg = Release|Any CPU
		{5AD6A293-0E08-4EB4-BD43-7BDB2E5F1993}.Release|Any CPU.Build.0 = Release|Any CPU
		{75E6DBA2-5DE0-4231-9D9A-62E00092631E}.Debug|Any CPU.ActiveCfg = Debug|Any CPU
		{75E6DBA2-5DE0-4231-9D9A-62E00092631E}.Debug|Any CPU.Build.0 = Debug|Any CPU
		{75E6DBA2-5DE0-4231-9D9A-62E00092631E}.Release|Any CPU.ActiveCfg = Release|Any CPU
		{75E6DBA2-5DE0-4231-9D9A-62E00092631E}.Release|Any CPU.Build.0 = Release|Any CPU
		{47323ED8-8131-4996-8B19-CF9CC3A7F6AB}.Debug|Any CPU.ActiveCfg = Debug|Any CPU
		{47323ED8-8131-4996-8B19-CF9CC3A7F6AB}.Debug|Any CPU.Build.0 = Debug|Any CPU
		{47323ED8-8131-4996-8B19-CF9CC3A7F6AB}.Release|Any CPU.ActiveCfg = Release|Any CPU
		{47323ED8-8131-4996-8B19-CF9CC3A7F6AB}.Release|Any CPU.Build.0 = Release|Any CPU
		{7743377B-1992-4E6F-B22E-46CAF14FD0AC}.Debug|Any CPU.ActiveCfg = Debug|Any CPU
		{7743377B-1992-4E6F-B22E-46CAF14FD0AC}.Debug|Any CPU.Build.0 = Debug|Any CPU
		{7743377B-1992-4E6F-B22E-46CAF14FD0AC}.Release|Any CPU.ActiveCfg = Release|Any CPU
		{7743377B-1992-4E6F-B22E-46CAF14FD0AC}.Release|Any CPU.Build.0 = Release|Any CPU
		{0B9192E9-A47C-4FBB-BCB4-4313499FFA88}.Debug|Any CPU.ActiveCfg = Debug|Any CPU
		{0B9192E9-A47C-4FBB-BCB4-4313499FFA88}.Debug|Any CPU.Build.0 = Debug|Any CPU
		{0B9192E9-A47C-4FBB-BCB4-4313499FFA88}.Release|Any CPU.ActiveCfg = Release|Any CPU
		{0B9192E9-A47C-4FBB-BCB4-4313499FFA88}.Release|Any CPU.Build.0 = Release|Any CPU
		{F1EBF087-C0F8-4114-8066-0051C6F5C023}.Debug|Any CPU.ActiveCfg = Debug|Any CPU
		{F1EBF087-C0F8-4114-8066-0051C6F5C023}.Debug|Any CPU.Build.0 = Debug|Any CPU
		{F1EBF087-C0F8-4114-8066-0051C6F5C023}.Release|Any CPU.ActiveCfg = Release|Any CPU
		{F1EBF087-C0F8-4114-8066-0051C6F5C023}.Release|Any CPU.Build.0 = Release|Any CPU
		{04AF27FE-9B81-4BBD-B53A-5BC4C13B9190}.Debug|Any CPU.ActiveCfg = Debug|Any CPU
		{04AF27FE-9B81-4BBD-B53A-5BC4C13B9190}.Debug|Any CPU.Build.0 = Debug|Any CPU
		{04AF27FE-9B81-4BBD-B53A-5BC4C13B9190}.Release|Any CPU.ActiveCfg = Release|Any CPU
		{04AF27FE-9B81-4BBD-B53A-5BC4C13B9190}.Release|Any CPU.Build.0 = Release|Any CPU
	EndGlobalSection
	GlobalSection(SolutionProperties) = preSolution
		HideSolutionNode = FALSE
	EndGlobalSection
	GlobalSection(NestedProjects) = preSolution
		{A20161D8-611F-40F3-8EE0-D87B08CFB50E} = {2FAD96AE-1CEB-4B0F-9B6C-C31C112841DA}
		{09E68B42-9EC5-4A0C-AF20-50203CA7C23C} = {2FAD96AE-1CEB-4B0F-9B6C-C31C112841DA}
		{5A31D37B-ED8F-4AF2-A188-AD9E8659B4F6} = {2FAD96AE-1CEB-4B0F-9B6C-C31C112841DA}
		{59F2831E-00D0-4A71-B625-A318FA613DE6} = {2FAD96AE-1CEB-4B0F-9B6C-C31C112841DA}
		{D4641F5B-3D89-46AE-9AE7-870D7D27D0A3} = {AACBBD4D-8DD6-41E6-8A42-C5113AA1380F}
		{A14F61BA-3C5A-4CFA-B64C-DCC8F30F5792} = {AACBBD4D-8DD6-41E6-8A42-C5113AA1380F}
		{76F14AC2-C56F-4B68-A475-D9DB752EC272} = {AACBBD4D-8DD6-41E6-8A42-C5113AA1380F}
		{F1320FAF-60AA-4592-BCF6-0D65B4DEF701} = {AACBBD4D-8DD6-41E6-8A42-C5113AA1380F}
		{C348BD58-B178-4793-AAF5-8B49803D3D12} = {AACBBD4D-8DD6-41E6-8A42-C5113AA1380F}
		{A97A3B97-D48B-4754-8AE0-01BE96E1E943} = {97A994A0-02C2-4E39-92C1-51602C2D5432}
		{B811D40E-0290-4F03-A106-F553FE73A560} = {97A994A0-02C2-4E39-92C1-51602C2D5432}
		{24FFEE22-7C02-4547-B2D3-9F04361169C0} = {97A994A0-02C2-4E39-92C1-51602C2D5432}
		{5AD6A293-0E08-4EB4-BD43-7BDB2E5F1993} = {97A994A0-02C2-4E39-92C1-51602C2D5432}
		{75E6DBA2-5DE0-4231-9D9A-62E00092631E} = {97A994A0-02C2-4E39-92C1-51602C2D5432}
		{47323ED8-8131-4996-8B19-CF9CC3A7F6AB} = {B7997A43-57B8-4842-8E56-9DF8DD2BB648}
		{7743377B-1992-4E6F-B22E-46CAF14FD0AC} = {B7997A43-57B8-4842-8E56-9DF8DD2BB648}
		{0B9192E9-A47C-4FBB-BCB4-4313499FFA88} = {B7997A43-57B8-4842-8E56-9DF8DD2BB648}
		{F1EBF087-C0F8-4114-8066-0051C6F5C023} = {B7997A43-57B8-4842-8E56-9DF8DD2BB648}
		{04AF27FE-9B81-4BBD-B53A-5BC4C13B9190} = {0232050C-81E8-43B3-A40B-49EC45A177E5}
	EndGlobalSection
	GlobalSection(ExtensibilityGlobals) = postSolution
		SolutionGuid = {C2A3F97E-B6BD-41D9-8685-B5CF0E93E79F}
	EndGlobalSection
EndGlobal
